# This file is autogenerated, do not edit; changes may be undone by the next 'dep ensure'.


[[projects]]
  name = "github.com/Azure/go-ansiterm"
  packages = [".","winterm"]
  revision = "fa152c58bc15761d0200cb75fe958b89a9d4888e"

[[projects]]
  name = "github.com/Microsoft/go-winio"
  packages = ["."]
  revision = "562bb09f6612d9a4e91597184709d1cdba95af93"
  version = "0.3.6"

[[projects]]
  name = "github.com/Sirupsen/logrus"
  packages = ["."]
  revision = "1445b7a38228c041834afc69231b7966b9943397"

[[projects]]
  branch = "master"
  name = "github.com/creack/termios"
  packages = ["raw","win"]
  revision = "88d0029e36a108c959d6f8fc63c393f591b0302b"

[[projects]]
  name = "github.com/docker/docker"
  packages = ["api/types","api/types/blkiodev","api/types/container","api/types/filters","api/types/mount","api/types/network","api/types/registry","api/types/strslice","api/types/swarm","api/types/versions","opts","pkg/archive","pkg/fileutils","pkg/homedir","pkg/idtools","pkg/ioutils","pkg/jsonlog","pkg/jsonmessage","pkg/longpath","pkg/pools","pkg/promise","pkg/stdcopy","pkg/system","pkg/term","pkg/term/windows"]
  revision = "4549e9104cef53ff51a194bc47896a041bf18418"

[[projects]]
  name = "github.com/docker/go-connections"
  packages = ["nat"]
  revision = "4ccf312bf1d35e5dbda654e57a9be4c3f3cd0366"

[[projects]]
  name = "github.com/docker/go-units"
  packages = ["."]
  revision = "8a7beacffa3009a9ac66bad506b18ffdd110cf97"

[[projects]]
  name = "github.com/fsnotify/fsnotify"
  packages = ["."]
  revision = "f12c6236fe7b5cf6bcf30e5935d08cb079d78334"

[[projects]]
  name = "github.com/fsouza/go-dockerclient"
  packages = ["."]
  revision = "5cfde1d138cd2cdc13e4aa36af631beb19dcbe9c"

[[projects]]
  branch = "master"
  name = "github.com/hashicorp/errwrap"
  packages = ["."]
  revision = "7554cd9344cec97297fa6649b055a8c98c2a1e55"

[[projects]]
  name = "github.com/hashicorp/go-cleanhttp"
  packages = ["."]
  revision = "ad28ea4487f05916463e2423a55166280e8254b5"

[[projects]]
  name = "github.com/hashicorp/go-multierror"
  packages = ["."]
  revision = "8c5f0ad9360406a3807ce7de6bc73269a91a6e51"

[[projects]]
  name = "github.com/hashicorp/go-plugin"
  packages = ["."]
  revision = "cccb4a1328abbb89898f3ecf4311a05bddc4de6d"

[[projects]]
  name = "github.com/hashicorp/go-version"
  packages = ["."]
  revision = "deeb027c13a95d56c7585df3fe29207208c6706e"

[[projects]]
  name = "github.com/hashicorp/hcl"
  packages = [".","hcl/ast","hcl/parser","hcl/scanner","hcl/strconv","hcl/token","json/parser","json/scanner","json/token"]
  revision = "99df0eb941dd8ddbc83d3f3605a34f6a686ac85e"

[[projects]]
  name = "github.com/hashicorp/yamux"
  packages = ["."]
  revision = "d1caa6c97c9fc1cc9e83bbe34d0603f9ff0ce8bd"

[[projects]]
  name = "github.com/inconshreveable/mousetrap"
  packages = ["."]
  revision = "76626ae9c91c4f2a10f34cad8ce83ea42c93bb75"
  version = "v1.0"

[[projects]]
  name = "github.com/kardianos/osext"
  packages = ["."]
  revision = "c2c54e542fb797ad986b31721e1baedf214ca413"

[[projects]]
  branch = "master"
  name = "github.com/kr/fs"
  packages = ["."]
  revision = "2788f0dbd16903de03cb8186e5c7d97b69ad387b"

[[projects]]
  name = "github.com/magiconair/properties"
  packages = ["."]
  revision = "61b492c03cf472e0c6419be5899b8e0dc28b1b88"

[[projects]]
  name = "github.com/mcuadros/go-version"
  packages = ["."]
  revision = "257f7b9a7d87427c8d7f89469a5958d57f8abd7c"

[[projects]]
  name = "github.com/mgutz/ansi"
  packages = ["."]
  revision = "c286dcecd19ff979eeb73ea444e479b903f2cfcb"

[[projects]]
  name = "github.com/mitchellh/mapstructure"
  packages = ["."]
  revision = "ca63d7c062ee3c9f34db231e352b60012b4fd0c1"

[[projects]]
  name = "github.com/ontariosystems/isclib"
  packages = ["."]
  revision = "d702e8973c582f2a012808448ed2e9097dfa7f98"
  version = "v1.3.0"

[[projects]]
  name = "github.com/opencontainers/runc"
  packages = ["libcontainer/system","libcontainer/user"]
  revision = "43c43004ef0563ceab23bb8f254cd5061a6f607e"

[[projects]]
  name = "github.com/pelletier/go-buffruneio"
  packages = ["."]
  revision = "df1e16fde7fc330a0ca68167c23bf7ed6ac31d6d"
  version = "v0.1.0"

[[projects]]
  name = "github.com/pelletier/go-toml"
  packages = ["."]
  revision = "31055c2ff0bb0c7f9095aec0d220aed21108121e"

[[projects]]
  name = "github.com/pkg/errors"
  packages = ["."]
  revision = "839d9e913e063e28dfd0e6c7b7512793e0a48be9"

[[projects]]
  name = "github.com/pkg/sftp"
  packages = ["."]
  revision = "4d0e916071f68db74f8a73926335f809396d6b42"

[[projects]]
  name = "github.com/spf13/afero"
  packages = [".","mem","sftp"]
  revision = "52e4a6cfac46163658bd4f123c49b6ee7dc75f78"

[[projects]]
  name = "github.com/spf13/cast"
  packages = ["."]
  revision = "e31f36ffc91a2ba9ddb72a4b6a607ff9b3d3cb63"

[[projects]]
  name = "github.com/spf13/cobra"
  packages = ["."]
  revision = "9c28e4bbd74e5c3ed7aacbc552b2cab7cfdfe744"

[[projects]]
  name = "github.com/spf13/jwalterweatherman"
  packages = ["."]
  revision = "33c24e77fb80341fe7130ee7c594256ff08ccc46"

[[projects]]
  name = "github.com/spf13/pflag"
  packages = ["."]
  revision = "6fd2ff4ff8dfcdf5556fbdc0ac0284408274b1a7"

[[projects]]
  name = "github.com/spf13/viper"
  packages = ["."]
  revision = "16990631d4aa7e38f73dbbbf37fa13e67c648531"

[[projects]]
  name = "github.com/x-cray/logrus-prefixed-formatter"
  packages = ["."]
  revision = "1d837bc239d1686e1ae281c4629495bd0e7da8d5"
  version = "v0.3.0"

[[projects]]
  name = "golang.org/x/crypto"
  packages = ["curve25519","ed25519","ed25519/internal/edwards25519","ssh","ssh/terminal"]
  revision = "7682e7e3945130cf3cde089834664f68afdd1523"

[[projects]]
  name = "golang.org/x/net"
  packages = ["context","context/ctxhttp"]
  revision = "e57319ce2bbbdc638169d4756554fbaedc805399"

[[projects]]
  name = "golang.org/x/sys"
  packages = ["unix","windows"]
  revision = "b699b7032584f0953262cb2788a0ca19bb494703"

[[projects]]
  name = "golang.org/x/text"
  packages = ["internal/gen","internal/triegen","internal/ucd","transform","unicode/cldr","unicode/norm"]
  revision = "098f51fb687dbaba1f6efabeafbb6461203f9e21"

[[projects]]
  name = "gopkg.in/yaml.v2"
  packages = ["."]
  revision = "e4d366fc3c7938e2958e662b4258c7a89e1f0e3e"

[solve-meta]
  analyzer-name = "dep"
  analyzer-version = 1
  inputs-digest = "90069cd4c71e6f62fac8e122ace1399029b9386ccd3496c5d557d55a85ec8299"
  solver-name = "gps-cdcl"
  solver-version = 1
